
Microsoft Visual Studio Solution File, Format Version 12.00
# Visual Studio Version 16
VisualStudioVersion = 16.0.32106.194
MinimumVisualStudioVersion = 10.0.40219.1
Project("{FAE04EC0-301F-11D3-BF4B-00C04F79EFBC}") = "Assignment_2_final", "Assignment_2_final.csproj", "{BD9CD174-7C8D-4416-BCBA-658C615997C6}"
EndProject
Global
	GlobalSection(SolutionConfigurationPlatforms) = preSolution
		Debug|Any CPU = Debug|Any CPU
		Release|Any CPU = Release|Any CPU
	EndGlobalSection
	GlobalSection(ProjectConfigurationPlatforms) = postSolution
		{BD9CD174-7C8D-4416-BCBA-658C615997C6}.Debug|Any CPU.ActiveCfg = Debug|Any CPU
		{BD9CD174-7C8D-4416-BCBA-658C615997C6}.Debug|Any CPU.Build.0 = Debug|Any CPU
		{BD9CD174-7C8D-4416-BCBA-658C615997C6}.Release|Any CPU.ActiveCfg = Release|Any CPU
		{BD9CD174-7C8D-4416-BCBA-658C615997C6}.Release|Any CPU.Build.0 = Release|Any CPU
	EndGlobalSection
	GlobalSection(SolutionProperties) = preSolution
		HideSolutionNode = FALSE
	EndGlobalSection
	GlobalSection(ExtensibilityGlobals) = postSolution
		SolutionGuid = {85D8DA16-6549-43B2-9D90-F4623425BA85}
	EndGlobalSection
EndGlobal
